
Microsoft Visual Studio Solution File, Format Version 12.00
# Visual Studio Version 18
VisualStudioVersion = 18.6.11806.211 stable
MinimumVisualStudioVersion = 10.0.40219.1
Project("{FAE04EC0-301F-11D3-BF4B-00C04F79EFBC}") = "TicketingLoad", "TicketingLoad.csproj", "{5FA175C6-6564-FD7E-6999-C34B2D6EC9CE}"
EndProject
Global
	GlobalSection(SolutionConfigurationPlatforms) = preSolution
		Debug|Any CPU = Debug|Any CPU
		Release|Any CPU = Release|Any CPU
	EndGlobalSection
	GlobalSection(ProjectConfigurationPlatforms) = postSolution
		{5FA175C6-6564-FD7E-6999-C34B2D6EC9CE}.Debug|Any CPU.ActiveCfg = Debug|Any CPU
		{5FA175C6-6564-FD7E-6999-C34B2D6EC9CE}.Debug|Any CPU.Build.0 = Debug|Any CPU
		{5FA175C6-6564-FD7E-6999-C34B2D6EC9CE}.Release|Any CPU.ActiveCfg = Release|Any CPU
		{5FA175C6-6564-FD7E-6999-C34B2D6EC9CE}.Release|Any CPU.Build.0 = Release|Any CPU
	EndGlobalSection
	GlobalSection(SolutionProperties) = preSolution
		HideSolutionNode = FALSE
	EndGlobalSection
	GlobalSection(ExtensibilityGlobals) = postSolution
		SolutionGuid = {B2AF6BC0-60B3-4DEE-9053-18CE7E344506}
	EndGlobalSection
EndGlobal
