<Solution>
  <Folder Name="/SolutionFolder/">
    <File Path=".editorconfig" />
    <File Path=".gitignore" />
    <File Path="Directory.Build.props" />
    <File Path="Directory.Packages.props" />
  </Folder>
  <Folder Name="/Tests/">
    <Project Path="tests/TicketingSystem.DataAccess.UnitTests/TicketingSystem.DataAccess.UnitTests.csproj" />
    <Project Path="tests/TicketingSystem.WebAPI.UnitTests/TicketingSystem.WebAPI.UnitTests.csproj" />
    <Project Path="tests/TicketingSystem.WebAPI.IntegrationTests/TicketingSystem.WebAPI.IntegrationTests.csproj" />
  </Folder>
  <Project Path="src/TicketingSystem.Application/TicketingSystem.Application.csproj" />
  <Project Path="src/TicketingSystem.Common/TicketingSystem.Common.csproj" />
  <Project Path="src/TicketingSystem.DataAccess/TicketingSystem.DataAccess.csproj" />
  <Project Path="src/TicketingSystem.Domain/TicketingSystem.Domain.csproj" />
  <Project Path="src/TicketingSystem.WebAPI/TicketingSystem.WebAPI.csproj" />
</Solution>
